
Microsoft Visual Studio Solution File, Format Version 12.00
# Visual Studio Version 16
VisualStudioVersion = 16.0.30621.155
MinimumVisualStudioVersion = 10.0.40219.1
Project("{FAE04EC0-301F-11D3-BF4B-00C04F79EFBC}") = "TimeTracker", "TimeTracker\TimeTracker.csproj", "{8629B933-D5B5-4973-A16E-9C0A9033FE40}"
EndProject
Global
	GlobalSection(SolutionConfigurationPlatforms) = preSolution
		Debug|Any CPU = Debug|Any CPU
		Release|Any CPU = Release|Any CPU
	EndGlobalSection
	GlobalSection(ProjectConfigurationPlatforms) = postSolution
		{8629B933-D5B5-4973-A16E-9C0A9033FE40}.Debug|Any CPU.ActiveCfg = Debug|Any CPU
		{8629B933-D5B5-4973-A16E-9C0A9033FE40}.Debug|Any CPU.Build.0 = Debug|Any CPU
		{8629B933-D5B5-4973-A16E-9C0A9033FE40}.Release|Any CPU.ActiveCfg = Release|Any CPU
		{8629B933-D5B5-4973-A16E-9C0A9033FE40}.Release|Any CPU.Build.0 = Release|Any CPU
	EndGlobalSection
	GlobalSection(SolutionProperties) = preSolution
		HideSolutionNode = FALSE
	EndGlobalSection
	GlobalSection(ExtensibilityGlobals) = postSolution
		SolutionGuid = {ACA14FCC-EF79-4446-90EE-198E01EC2205}
	EndGlobalSection
EndGlobal
